
Microsoft Visual Studio Solution File, Format Version 12.00
# Visual Studio Version 17
VisualStudioVersion = 17.0.31903.59
MinimumVisualStudioVersion = 10.0.40219.1
Project("{FAE04EC0-301F-11D3-BF4B-00C04F79EFBC}") = "API", "API\API.csproj", "{3C5881CE-15D6-45B6-B1BC-142A466A9FB0}"
EndProject
Project("{FAE04EC0-301F-11D3-BF4B-00C04F79EFBC}") = "Application", "Application\Application.csproj", "{88F136CE-2A4D-40E6-BC53-8EA287F3FEC7}"
EndProject
Project("{FAE04EC0-301F-11D3-BF4B-00C04F79EFBC}") = "Domain", "Domain\Domain.csproj", "{C97DFD10-F97F-494C-BB51-63542924008D}"
EndProject
Project("{FAE04EC0-301F-11D3-BF4B-00C04F79EFBC}") = "Persistence", "Persistence\Persistence.csproj", "{75C56039-6F2C-4176-BE63-A01B389C3FB8}"
EndProject
Global
	GlobalSection(SolutionConfigurationPlatforms) = preSolution
		Debug|Any CPU = Debug|Any CPU
		Release|Any CPU = Release|Any CPU
	EndGlobalSection
	GlobalSection(SolutionProperties) = preSolution
		HideSolutionNode = FALSE
	EndGlobalSection
	GlobalSection(ProjectConfigurationPlatforms) = postSolution
		{3C5881CE-15D6-45B6-B1BC-142A466A9FB0}.Debug|Any CPU.ActiveCfg = Debug|Any CPU
		{3C5881CE-15D6-45B6-B1BC-142A466A9FB0}.Debug|Any CPU.Build.0 = Debug|Any CPU
		{3C5881CE-15D6-45B6-B1BC-142A466A9FB0}.Release|Any CPU.ActiveCfg = Release|Any CPU
		{3C5881CE-15D6-45B6-B1BC-142A466A9FB0}.Release|Any CPU.Build.0 = Release|Any CPU
		{88F136CE-2A4D-40E6-BC53-8EA287F3FEC7}.Debug|Any CPU.ActiveCfg = Debug|Any CPU
		{88F136CE-2A4D-40E6-BC53-8EA287F3FEC7}.Debug|Any CPU.Build.0 = Debug|Any CPU
		{88F136CE-2A4D-40E6-BC53-8EA287F3FEC7}.Release|Any CPU.ActiveCfg = Release|Any CPU
		{88F136CE-2A4D-40E6-BC53-8EA287F3FEC7}.Release|Any CPU.Build.0 = Release|Any CPU
		{C97DFD10-F97F-494C-BB51-63542924008D}.Debug|Any CPU.ActiveCfg = Debug|Any CPU
		{C97DFD10-F97F-494C-BB51-63542924008D}.Debug|Any CPU.Build.0 = Debug|Any CPU
		{C97DFD10-F97F-494C-BB51-63542924008D}.Release|Any CPU.ActiveCfg = Release|Any CPU
		{C97DFD10-F97F-494C-BB51-63542924008D}.Release|Any CPU.Build.0 = Release|Any CPU
		{75C56039-6F2C-4176-BE63-A01B389C3FB8}.Debug|Any CPU.ActiveCfg = Debug|Any CPU
		{75C56039-6F2C-4176-BE63-A01B389C3FB8}.Debug|Any CPU.Build.0 = Debug|Any CPU
		{75C56039-6F2C-4176-BE63-A01B389C3FB8}.Release|Any CPU.ActiveCfg = Release|Any CPU
		{75C56039-6F2C-4176-BE63-A01B389C3FB8}.Release|Any CPU.Build.0 = Release|Any CPU
	EndGlobalSection
EndGlobal
